
Microsoft Visual Studio Solution File, Format Version 12.00
# Visual Studio Version 17
VisualStudioVersion = 17.11.35327.3
MinimumVisualStudioVersion = 10.0.40219.1
Project("{FAE04EC0-301F-11D3-BF4B-00C04F79EFBC}") = "SmartComponents_Storing_Quering_with_EF_CleanArchitecture", "SmartComponents_Storing_Quering_with_EF_CleanArchitecture.csproj", "{A64ACC2F-C9C0-4E7F-A968-E0C875C12E53}"
EndProject
Global
	GlobalSection(SolutionConfigurationPlatforms) = preSolution
		Debug|Any CPU = Debug|Any CPU
		Release|Any CPU = Release|Any CPU
	EndGlobalSection
	GlobalSection(ProjectConfigurationPlatforms) = postSolution
		{A64ACC2F-C9C0-4E7F-A968-E0C875C12E53}.Debug|Any CPU.ActiveCfg = Debug|Any CPU
		{A64ACC2F-C9C0-4E7F-A968-E0C875C12E53}.Debug|Any CPU.Build.0 = Debug|Any CPU
		{A64ACC2F-C9C0-4E7F-A968-E0C875C12E53}.Release|Any CPU.ActiveCfg = Release|Any CPU
		{A64ACC2F-C9C0-4E7F-A968-E0C875C12E53}.Release|Any CPU.Build.0 = Release|Any CPU
	EndGlobalSection
	GlobalSection(SolutionProperties) = preSolution
		HideSolutionNode = FALSE
	EndGlobalSection
	GlobalSection(ExtensibilityGlobals) = postSolution
		SolutionGuid = {9C234111-FA24-4F30-BC9A-7F043A7DA5DE}
	EndGlobalSection
EndGlobal
